
Microsoft Visual Studio Solution File, Format Version 12.00
# Visual Studio Version 17
VisualStudioVersion = 17.0.32126.317
MinimumVisualStudioVersion = 10.0.40219.1
Project("{FAE04EC0-301F-11D3-BF4B-00C04F79EFBC}") = "MyReactRoutes", "MyReactRoutes\MyReactRoutes.csproj", "{76EF5146-FAAB-4AA0-AA56-3C4FD0DD7394}"
EndProject
Global
	GlobalSection(SolutionConfigurationPlatforms) = preSolution
		Debug|Any CPU = Debug|Any CPU
		Release|Any CPU = Release|Any CPU
	EndGlobalSection
	GlobalSection(ProjectConfigurationPlatforms) = postSolution
		{76EF5146-FAAB-4AA0-AA56-3C4FD0DD7394}.Debug|Any CPU.ActiveCfg = Debug|Any CPU
		{76EF5146-FAAB-4AA0-AA56-3C4FD0DD7394}.Debug|Any CPU.Build.0 = Debug|Any CPU
		{76EF5146-FAAB-4AA0-AA56-3C4FD0DD7394}.Release|Any CPU.ActiveCfg = Release|Any CPU
		{76EF5146-FAAB-4AA0-AA56-3C4FD0DD7394}.Release|Any CPU.Build.0 = Release|Any CPU
	EndGlobalSection
	GlobalSection(SolutionProperties) = preSolution
		HideSolutionNode = FALSE
	EndGlobalSection
	GlobalSection(ExtensibilityGlobals) = postSolution
		SolutionGuid = {79F4C169-7B72-45C8-8DEE-02C6EB9680F2}
	EndGlobalSection
EndGlobal
